
Microsoft Visual Studio Solution File, Format Version 12.00
# Visual Studio 15
VisualStudioVersion = 15.0.27130.2010
MinimumVisualStudioVersion = 10.0.40219.1
Project("{FAE04EC0-301F-11D3-BF4B-00C04F79EFBC}") = "MacfitProjesi", "MacfitProjesi\MacfitProjesi.csproj", "{030F2DBC-C8E4-413B-9919-DD9B4599B3E1}"
EndProject
Global
	GlobalSection(SolutionConfigurationPlatforms) = preSolution
		Debug|Any CPU = Debug|Any CPU
		Release|Any CPU = Release|Any CPU
	EndGlobalSection
	GlobalSection(ProjectConfigurationPlatforms) = postSolution
		{030F2DBC-C8E4-413B-9919-DD9B4599B3E1}.Debug|Any CPU.ActiveCfg = Debug|Any CPU
		{030F2DBC-C8E4-413B-9919-DD9B4599B3E1}.Debug|Any CPU.Build.0 = Debug|Any CPU
		{030F2DBC-C8E4-413B-9919-DD9B4599B3E1}.Release|Any CPU.ActiveCfg = Release|Any CPU
		{030F2DBC-C8E4-413B-9919-DD9B4599B3E1}.Release|Any CPU.Build.0 = Release|Any CPU
	EndGlobalSection
	GlobalSection(SolutionProperties) = preSolution
		HideSolutionNode = FALSE
	EndGlobalSection
	GlobalSection(ExtensibilityGlobals) = postSolution
		SolutionGuid = {C91AACE8-C2EB-4FB0-8371-796A7DF9C995}
	EndGlobalSection
EndGlobal
